{
  "originHash" : "55df34735be77dde4d92b13fbd90e1b9ab472fa212519a415a896f5c0e895487",
  "pins" : [
    {
      "identity" : "appsflyerframework-static",
      "kind" : "remoteSourceControl",
      "location" : "https://github.com/AppsFlyerSDK/AppsFlyerFramework-Static",
      "state" : {
        "revision" : "1aecfee3c8cca0e24d56809824053dc540885e32",
        "version" : "6.17.0"
      }
    }
  ],
  "version" : 3
}
