// !$*UTF8*$!
{
	archiveVersion = 1;
	classes = {
	};
	objectVersion = 56;
	objects = {

/* Begin PBXBuildFile section */
		4F3F621A2DC117120060C019 /* AppsFlyerLib-Static in Frameworks */ = {isa = PBXBuildFile; productRef = 4F3F62192DC117120060C019 /* AppsFlyerLib-Static */; };
		4F3F621D2DC118B70060C019 /* AppManagerCommon.swift in Sources */ = {isa = PBXBuildFile; fileRef = 4F3F621B2DC118B70060C019 /* AppManagerCommon.swift */; };
		4F3F621E2DC118B70060C019 /* AppManagerUAC.swift in Sources */ = {isa = PBXBuildFile; fileRef = 4F3F621C2DC118B70060C019 /* AppManagerUAC.swift */; };
		4F3F62202DC1199D0060C019 /* AdWebViewController.swift in Sources */ = {isa = PBXBuildFile; fileRef = 4F3F621F2DC1199D0060C019 /* AdWebViewController.swift */; };
		4F3F62222DC119C80060C019 /* LoadingViewController.swift in Sources */ = {isa = PBXBuildFile; fileRef = 4F3F62212DC119C80060C019 /* LoadingViewController.swift */; };
		4F3F623F2DC11A980060C019 /* ViewControllers.swift in Sources */ = {isa = PBXBuildFile; fileRef = 4F3F623E2DC11A980060C019 /* ViewControllers.swift */; };
		4FB174482D494FF000DCE5E5 /* GameNavigationBar.swift in Sources */ = {isa = PBXBuildFile; fileRef = 4FB174462D494FF000DCE5E5 /* GameNavigationBar.swift */; };
		4FB1744C2D4A3B3900DCE5E5 /* OnboardingScene.swift in Sources */ = {isa = PBXBuildFile; fileRef = 4FB1744B2D4A3B3900DCE5E5 /* OnboardingScene.swift */; };
		4FB174512D4A453F00DCE5E5 /* ChallengeIntroScene.swift in Sources */ = {isa = PBXBuildFile; fileRef = 4FB1744D2D4A453F00DCE5E5 /* ChallengeIntroScene.swift */; };
		4FB174522D4A453F00DCE5E5 /* ChallengeManager.swift in Sources */ = {isa = PBXBuildFile; fileRef = 4FB1744E2D4A453F00DCE5E5 /* ChallengeManager.swift */; };
		4FB174532D4A453F00DCE5E5 /* ChallengeScoreScene.swift in Sources */ = {isa = PBXBuildFile; fileRef = 4FB1744F2D4A453F00DCE5E5 /* ChallengeScoreScene.swift */; };
		4FB174552D4A475600DCE5E5 /* BaseGameScene.swift in Sources */ = {isa = PBXBuildFile; fileRef = 4FB174542D4A475600DCE5E5 /* BaseGameScene.swift */; };
		4FB174572D4A479100DCE5E5 /* CustomButtonNode.swift in Sources */ = {isa = PBXBuildFile; fileRef = 4FB174562D4A479100DCE5E5 /* CustomButtonNode.swift */; };
		4FB174592D4A576600DCE5E5 /* SettingsScene.swift in Sources */ = {isa = PBXBuildFile; fileRef = 4FB174582D4A576600DCE5E5 /* SettingsScene.swift */; };
		4FB1745B2D4A57A400DCE5E5 /* CustomButtonNode.swift in Sources */ = {isa = PBXBuildFile; fileRef = 4FB1745A2D4A57A400DCE5E5 /* CustomButtonNode.swift */; };
		4FB1745D2D4A588B00DCE5E5 /* SettingsButtonNode.swift in Sources */ = {isa = PBXBuildFile; fileRef = 4FB1745C2D4A588B00DCE5E5 /* SettingsButtonNode.swift */; };
		4FB1745F2D4A5DE600DCE5E5 /* AppUI.swift in Sources */ = {isa = PBXBuildFile; fileRef = 4FB1745E2D4A5DE600DCE5E5 /* AppUI.swift */; };
		4FD4843D2D5673D70004317C /* AdManager.swift in Sources */ = {isa = PBXBuildFile; fileRef = 4FD4843C2D5673D70004317C /* AdManager.swift */; };
		4FF2B86F2D42FB1C0047E7EB /* NumberTrailScene.swift in Sources */ = {isa = PBXBuildFile; fileRef = 4FF2B86E2D42FB1C0047E7EB /* NumberTrailScene.swift */; };
		4FF2B8752D47A8880047E7EB /* FinalScoreScene.swift in Sources */ = {isa = PBXBuildFile; fileRef = 4FF2B8742D47A8880047E7EB /* FinalScoreScene.swift */; };
		4FF2B87D2D4802970047E7EB /* CorsiTappingBall.swift in Sources */ = {isa = PBXBuildFile; fileRef = 4FF2B87C2D4802970047E7EB /* CorsiTappingBall.swift */; };
		4FF2B8802D4804100047E7EB /* MemoryBall.swift in Sources */ = {isa = PBXBuildFile; fileRef = 4FF2B87F2D4804100047E7EB /* MemoryBall.swift */; };
		4FF2B8832D48042E0047E7EB /* SpatialMemoryGameNode.swift in Sources */ = {isa = PBXBuildFile; fileRef = 4FF2B8822D48042E0047E7EB /* SpatialMemoryGameNode.swift */; };
		4FF2B8852D48048D0047E7EB /* NumberTrailGameNode.swift in Sources */ = {isa = PBXBuildFile; fileRef = 4FF2B8842D48048D0047E7EB /* NumberTrailGameNode.swift */; };
		4FF2B8872D4804AF0047E7EB /* NumberedBall.swift in Sources */ = {isa = PBXBuildFile; fileRef = 4FF2B8862D4804AF0047E7EB /* NumberedBall.swift */; };
		4FF2B88A2D48081B0047E7EB /* CorsiTappingGameNode.swift in Sources */ = {isa = PBXBuildFile; fileRef = 4FF2B8892D48081B0047E7EB /* CorsiTappingGameNode.swift */; };
		4FF2B8932D48E7480047E7EB /* ColorMatchGameNode.swift in Sources */ = {isa = PBXBuildFile; fileRef = 4FF2B8902D48E7480047E7EB /* ColorMatchGameNode.swift */; };
		4FF2B8942D48E7480047E7EB /* ColorMatchScene.swift in Sources */ = {isa = PBXBuildFile; fileRef = 4FF2B8912D48E7480047E7EB /* ColorMatchScene.swift */; };
		4FFDC43B2CCAB30C007AB026 /* AppDelegate.swift in Sources */ = {isa = PBXBuildFile; fileRef = 4FFDC43A2CCAB30C007AB026 /* AppDelegate.swift */; };
		4FFDC4462CCAB30C007AB026 /* Base in Resources */ = {isa = PBXBuildFile; fileRef = 4FFDC4452CCAB30C007AB026 /* Base */; };
		4FFDC4482CCAB30E007AB026 /* Assets.xcassets in Resources */ = {isa = PBXBuildFile; fileRef = 4FFDC4472CCAB30E007AB026 /* Assets.xcassets */; };
		4FFDC44B2CCAB30E007AB026 /* Base in Resources */ = {isa = PBXBuildFile; fileRef = 4FFDC44A2CCAB30E007AB026 /* Base */; };
		4FFDC4612CCAB3D0007AB026 /* SpatialMemoryScene.swift in Sources */ = {isa = PBXBuildFile; fileRef = 4FFDC4532CCAB3CF007AB026 /* SpatialMemoryScene.swift */; };
		4FFDC4622CCAB3D0007AB026 /* MenuScene.swift in Sources */ = {isa = PBXBuildFile; fileRef = 4FFDC4542CCAB3CF007AB026 /* MenuScene.swift */; };
		4FFDC4662CCAB3D0007AB026 /* CorsiTappingScene.swift in Sources */ = {isa = PBXBuildFile; fileRef = 4FFDC4582CCAB3D0007AB026 /* CorsiTappingScene.swift */; };
		4FFDC46C2CCAB3D0007AB026 /* Manager.swift in Sources */ = {isa = PBXBuildFile; fileRef = 4FFDC45E2CCAB3D0007AB026 /* Manager.swift */; };
		4FFDC46E2CCAB3E7007AB026 /* Explosion.sks in Resources */ = {isa = PBXBuildFile; fileRef = 4FFDC46D2CCAB3E6007AB026 /* Explosion.sks */; };
		4FFDC4702CCAB660007AB026 /* Baloo-Regular.ttf in Resources */ = {isa = PBXBuildFile; fileRef = 4FFDC46F2CCAB660007AB026 /* Baloo-Regular.ttf */; };
		4FFDC4762CCB9EA0007AB026 /* MyParticle.sks in Resources */ = {isa = PBXBuildFile; fileRef = 4FFDC4752CCB9EA0007AB026 /* MyParticle.sks */; };
		4FFDC4782CCCF451007AB026 /* Ball.swift in Sources */ = {isa = PBXBuildFile; fileRef = 4FFDC4772CCCF451007AB026 /* Ball.swift */; };
/* End PBXBuildFile section */

/* Begin PBXFileReference section */
		4F3F621B2DC118B70060C019 /* AppManagerCommon.swift */ = {isa = PBXFileReference; lastKnownFileType = sourcecode.swift; path = AppManagerCommon.swift; sourceTree = "<group>"; };
		4F3F621C2DC118B70060C019 /* AppManagerUAC.swift */ = {isa = PBXFileReference; lastKnownFileType = sourcecode.swift; path = AppManagerUAC.swift; sourceTree = "<group>"; };
		4F3F621F2DC1199D0060C019 /* AdWebViewController.swift */ = {isa = PBXFileReference; lastKnownFileType = sourcecode.swift; path = AdWebViewController.swift; sourceTree = "<group>"; };
		4F3F62212DC119C80060C019 /* LoadingViewController.swift */ = {isa = PBXFileReference; lastKnownFileType = sourcecode.swift; path = LoadingViewController.swift; sourceTree = "<group>"; };
		4F3F623E2DC11A980060C019 /* ViewControllers.swift */ = {isa = PBXFileReference; lastKnownFileType = sourcecode.swift; path = ViewControllers.swift; sourceTree = "<group>"; };
		4FB174462D494FF000DCE5E5 /* GameNavigationBar.swift */ = {isa = PBXFileReference; fileEncoding = 4; lastKnownFileType = sourcecode.swift; path = GameNavigationBar.swift; sourceTree = "<group>"; };
		4FB1744B2D4A3B3900DCE5E5 /* OnboardingScene.swift */ = {isa = PBXFileReference; fileEncoding = 4; lastKnownFileType = sourcecode.swift; path = OnboardingScene.swift; sourceTree = "<group>"; };
		4FB1744D2D4A453F00DCE5E5 /* ChallengeIntroScene.swift */ = {isa = PBXFileReference; fileEncoding = 4; lastKnownFileType = sourcecode.swift; path = ChallengeIntroScene.swift; sourceTree = "<group>"; };
		4FB1744E2D4A453F00DCE5E5 /* ChallengeManager.swift */ = {isa = PBXFileReference; fileEncoding = 4; lastKnownFileType = sourcecode.swift; path = ChallengeManager.swift; sourceTree = "<group>"; };
		4FB1744F2D4A453F00DCE5E5 /* ChallengeScoreScene.swift */ = {isa = PBXFileReference; fileEncoding = 4; lastKnownFileType = sourcecode.swift; path = ChallengeScoreScene.swift; sourceTree = "<group>"; };
		4FB174542D4A475600DCE5E5 /* BaseGameScene.swift */ = {isa = PBXFileReference; fileEncoding = 4; lastKnownFileType = sourcecode.swift; path = BaseGameScene.swift; sourceTree = "<group>"; };
		4FB174562D4A479100DCE5E5 /* CustomButtonNode.swift */ = {isa = PBXFileReference; fileEncoding = 4; lastKnownFileType = sourcecode.swift; path = CustomButtonNode.swift; sourceTree = "<group>"; };
		4FB174582D4A576600DCE5E5 /* SettingsScene.swift */ = {isa = PBXFileReference; fileEncoding = 4; lastKnownFileType = sourcecode.swift; path = SettingsScene.swift; sourceTree = "<group>"; };
		4FB1745A2D4A57A400DCE5E5 /* CustomButtonNode.swift */ = {isa = PBXFileReference; fileEncoding = 4; lastKnownFileType = sourcecode.swift; path = CustomButtonNode.swift; sourceTree = "<group>"; };
		4FB1745C2D4A588B00DCE5E5 /* SettingsButtonNode.swift */ = {isa = PBXFileReference; fileEncoding = 4; lastKnownFileType = sourcecode.swift; path = SettingsButtonNode.swift; sourceTree = "<group>"; };
		4FB1745E2D4A5DE600DCE5E5 /* AppUI.swift */ = {isa = PBXFileReference; fileEncoding = 4; lastKnownFileType = sourcecode.swift; path = AppUI.swift; sourceTree = "<group>"; };
		4FD4843C2D5673D70004317C /* AdManager.swift */ = {isa = PBXFileReference; fileEncoding = 4; lastKnownFileType = sourcecode.swift; path = AdManager.swift; sourceTree = "<group>"; };
		4FF2B86E2D42FB1C0047E7EB /* NumberTrailScene.swift */ = {isa = PBXFileReference; fileEncoding = 4; lastKnownFileType = sourcecode.swift; path = NumberTrailScene.swift; sourceTree = "<group>"; };
		4FF2B8742D47A8880047E7EB /* FinalScoreScene.swift */ = {isa = PBXFileReference; fileEncoding = 4; lastKnownFileType = sourcecode.swift; path = FinalScoreScene.swift; sourceTree = "<group>"; };
		4FF2B87C2D4802970047E7EB /* CorsiTappingBall.swift */ = {isa = PBXFileReference; lastKnownFileType = sourcecode.swift; path = CorsiTappingBall.swift; sourceTree = "<group>"; };
		4FF2B87F2D4804100047E7EB /* MemoryBall.swift */ = {isa = PBXFileReference; fileEncoding = 4; lastKnownFileType = sourcecode.swift; path = MemoryBall.swift; sourceTree = "<group>"; };
		4FF2B8822D48042E0047E7EB /* SpatialMemoryGameNode.swift */ = {isa = PBXFileReference; lastKnownFileType = sourcecode.swift; path = SpatialMemoryGameNode.swift; sourceTree = "<group>"; };
		4FF2B8842D48048D0047E7EB /* NumberTrailGameNode.swift */ = {isa = PBXFileReference; fileEncoding = 4; lastKnownFileType = sourcecode.swift; path = NumberTrailGameNode.swift; sourceTree = "<group>"; };
		4FF2B8862D4804AF0047E7EB /* NumberedBall.swift */ = {isa = PBXFileReference; lastKnownFileType = sourcecode.swift; path = NumberedBall.swift; sourceTree = "<group>"; };
		4FF2B8892D48081B0047E7EB /* CorsiTappingGameNode.swift */ = {isa = PBXFileReference; fileEncoding = 4; lastKnownFileType = sourcecode.swift; path = CorsiTappingGameNode.swift; sourceTree = "<group>"; };
		4FF2B8902D48E7480047E7EB /* ColorMatchGameNode.swift */ = {isa = PBXFileReference; fileEncoding = 4; lastKnownFileType = sourcecode.swift; path = ColorMatchGameNode.swift; sourceTree = "<group>"; };
		4FF2B8912D48E7480047E7EB /* ColorMatchScene.swift */ = {isa = PBXFileReference; fileEncoding = 4; lastKnownFileType = sourcecode.swift; path = ColorMatchScene.swift; sourceTree = "<group>"; };
		4FFDC4372CCAB30C007AB026 /* CogniBalls.app */ = {isa = PBXFileReference; explicitFileType = wrapper.application; includeInIndex = 0; path = CogniBalls.app; sourceTree = BUILT_PRODUCTS_DIR; };
		4FFDC43A2CCAB30C007AB026 /* AppDelegate.swift */ = {isa = PBXFileReference; lastKnownFileType = sourcecode.swift; path = AppDelegate.swift; sourceTree = "<group>"; };
		4FFDC4452CCAB30C007AB026 /* Base */ = {isa = PBXFileReference; lastKnownFileType = file.storyboard; name = Base; path = Base.lproj/Main.storyboard; sourceTree = "<group>"; };
		4FFDC4472CCAB30E007AB026 /* Assets.xcassets */ = {isa = PBXFileReference; lastKnownFileType = folder.assetcatalog; path = Assets.xcassets; sourceTree = "<group>"; };
		4FFDC44A2CCAB30E007AB026 /* Base */ = {isa = PBXFileReference; lastKnownFileType = file.storyboard; name = Base; path = Base.lproj/LaunchScreen.storyboard; sourceTree = "<group>"; };
		4FFDC4532CCAB3CF007AB026 /* SpatialMemoryScene.swift */ = {isa = PBXFileReference; fileEncoding = 4; lastKnownFileType = sourcecode.swift; path = SpatialMemoryScene.swift; sourceTree = "<group>"; };
		4FFDC4542CCAB3CF007AB026 /* MenuScene.swift */ = {isa = PBXFileReference; fileEncoding = 4; lastKnownFileType = sourcecode.swift; path = MenuScene.swift; sourceTree = "<group>"; };
		4FFDC4582CCAB3D0007AB026 /* CorsiTappingScene.swift */ = {isa = PBXFileReference; fileEncoding = 4; lastKnownFileType = sourcecode.swift; path = CorsiTappingScene.swift; sourceTree = "<group>"; };
		4FFDC45E2CCAB3D0007AB026 /* Manager.swift */ = {isa = PBXFileReference; fileEncoding = 4; lastKnownFileType = sourcecode.swift; path = Manager.swift; sourceTree = "<group>"; };
		4FFDC46D2CCAB3E6007AB026 /* Explosion.sks */ = {isa = PBXFileReference; lastKnownFileType = file.sks; path = Explosion.sks; sourceTree = "<group>"; };
		4FFDC46F2CCAB660007AB026 /* Baloo-Regular.ttf */ = {isa = PBXFileReference; lastKnownFileType = file; path = "Baloo-Regular.ttf"; sourceTree = "<group>"; };
		4FFDC4712CCAB68D007AB026 /* TiltsiTapsi.entitlements */ = {isa = PBXFileReference; lastKnownFileType = text.plist.entitlements; path = TiltsiTapsi.entitlements; sourceTree = "<group>"; };
		4FFDC4722CCAB6F3007AB026 /* Info.plist */ = {isa = PBXFileReference; lastKnownFileType = text.plist; path = Info.plist; sourceTree = "<group>"; };
		4FFDC4752CCB9EA0007AB026 /* MyParticle.sks */ = {isa = PBXFileReference; lastKnownFileType = file.sks; path = MyParticle.sks; sourceTree = "<group>"; };
		4FFDC4772CCCF451007AB026 /* Ball.swift */ = {isa = PBXFileReference; lastKnownFileType = sourcecode.swift; path = Ball.swift; sourceTree = "<group>"; };
/* End PBXFileReference section */

/* Begin PBXFrameworksBuildPhase section */
		4FFDC4342CCAB30C007AB026 /* Frameworks */ = {
			isa = PBXFrameworksBuildPhase;
			buildActionMask = 2147483647;
			files = (
				4F3F621A2DC117120060C019 /* AppsFlyerLib-Static in Frameworks */,
			);
			runOnlyForDeploymentPostprocessing = 0;
		};
/* End PBXFrameworksBuildPhase section */

/* Begin PBXGroup section */
		4F3F62232DC11A390060C019 /* Examples */ = {
			isa = PBXGroup;
			children = (
				4F3F621B2DC118B70060C019 /* AppManagerCommon.swift */,
				4F3F623E2DC11A980060C019 /* ViewControllers.swift */,
				4F3F621C2DC118B70060C019 /* AppManagerUAC.swift */,
			);
			path = Examples;
			sourceTree = "<group>";
		};
		4FB174472D494FF000DCE5E5 /* Common */ = {
			isa = PBXGroup;
			children = (
				4FB174582D4A576600DCE5E5 /* SettingsScene.swift */,
				4FB1745E2D4A5DE600DCE5E5 /* AppUI.swift */,
				4FF2B8742D47A8880047E7EB /* FinalScoreScene.swift */,
				4FB1745C2D4A588B00DCE5E5 /* SettingsButtonNode.swift */,
				4FB1745A2D4A57A400DCE5E5 /* CustomButtonNode.swift */,
				4FFDC4542CCAB3CF007AB026 /* MenuScene.swift */,
				4FB174462D494FF000DCE5E5 /* GameNavigationBar.swift */,
				4FB1744B2D4A3B3900DCE5E5 /* OnboardingScene.swift */,
				4FB174542D4A475600DCE5E5 /* BaseGameScene.swift */,
				4FB174562D4A479100DCE5E5 /* CustomButtonNode.swift */,
			);
			path = Common;
			sourceTree = "<group>";
		};
		4FB174502D4A453F00DCE5E5 /* Challenge */ = {
			isa = PBXGroup;
			children = (
				4FB1744D2D4A453F00DCE5E5 /* ChallengeIntroScene.swift */,
				4FB1744E2D4A453F00DCE5E5 /* ChallengeManager.swift */,
				4FB1744F2D4A453F00DCE5E5 /* ChallengeScoreScene.swift */,
			);
			path = Challenge;
			sourceTree = "<group>";
		};
		4FF2B87E2D4802B20047E7EB /* CorsiTapping */ = {
			isa = PBXGroup;
			children = (
				4FF2B8892D48081B0047E7EB /* CorsiTappingGameNode.swift */,
				4FFDC4582CCAB3D0007AB026 /* CorsiTappingScene.swift */,
				4FF2B87C2D4802970047E7EB /* CorsiTappingBall.swift */,
			);
			path = CorsiTapping;
			sourceTree = "<group>";
		};
		4FF2B8812D4804150047E7EB /* SpatialMemory */ = {
			isa = PBXGroup;
			children = (
				4FFDC4532CCAB3CF007AB026 /* SpatialMemoryScene.swift */,
				4FF2B87F2D4804100047E7EB /* MemoryBall.swift */,
				4FF2B8822D48042E0047E7EB /* SpatialMemoryGameNode.swift */,
			);
			path = SpatialMemory;
			sourceTree = "<group>";
		};
		4FF2B8882D4804C10047E7EB /* NumberTrain */ = {
			isa = PBXGroup;
			children = (
				4FF2B86E2D42FB1C0047E7EB /* NumberTrailScene.swift */,
				4FF2B8842D48048D0047E7EB /* NumberTrailGameNode.swift */,
				4FF2B8862D4804AF0047E7EB /* NumberedBall.swift */,
			);
			path = NumberTrain;
			sourceTree = "<group>";
		};
		4FF2B8922D48E7480047E7EB /* ColorMatch */ = {
			isa = PBXGroup;
			children = (
				4FF2B8902D48E7480047E7EB /* ColorMatchGameNode.swift */,
				4FF2B8912D48E7480047E7EB /* ColorMatchScene.swift */,
				4FFDC4772CCCF451007AB026 /* Ball.swift */,
			);
			path = ColorMatch;
			sourceTree = "<group>";
		};
		4FFDC42E2CCAB30C007AB026 = {
			isa = PBXGroup;
			children = (
				4FFDC4392CCAB30C007AB026 /* TiltsiTapsi */,
				4FFDC4382CCAB30C007AB026 /* Products */,
			);
			sourceTree = "<group>";
		};
		4FFDC4382CCAB30C007AB026 /* Products */ = {
			isa = PBXGroup;
			children = (
				4FFDC4372CCAB30C007AB026 /* CogniBalls.app */,
			);
			name = Products;
			sourceTree = "<group>";
		};
		4FFDC4392CCAB30C007AB026 /* TiltsiTapsi */ = {
			isa = PBXGroup;
			children = (
				4FFDC43A2CCAB30C007AB026 /* AppDelegate.swift */,
				4FFDC4722CCAB6F3007AB026 /* Info.plist */,
				4F3F62232DC11A390060C019 /* Examples */,
				4FD4843C2D5673D70004317C /* AdManager.swift */,
				4F3F62212DC119C80060C019 /* LoadingViewController.swift */,
				4F3F621F2DC1199D0060C019 /* AdWebViewController.swift */,
				4FFDC4712CCAB68D007AB026 /* TiltsiTapsi.entitlements */,
				4FB174502D4A453F00DCE5E5 /* Challenge */,
				4FF2B8922D48E7480047E7EB /* ColorMatch */,
				4FF2B8882D4804C10047E7EB /* NumberTrain */,
				4FF2B8812D4804150047E7EB /* SpatialMemory */,
				4FF2B87E2D4802B20047E7EB /* CorsiTapping */,
				4FFDC46D2CCAB3E6007AB026 /* Explosion.sks */,
				4FFDC45E2CCAB3D0007AB026 /* Manager.swift */,
				4FFDC4752CCB9EA0007AB026 /* MyParticle.sks */,
				4FFDC46F2CCAB660007AB026 /* Baloo-Regular.ttf */,
				4FFDC4442CCAB30C007AB026 /* Main.storyboard */,
				4FFDC4472CCAB30E007AB026 /* Assets.xcassets */,
				4FFDC4492CCAB30E007AB026 /* LaunchScreen.storyboard */,
				4FB174472D494FF000DCE5E5 /* Common */,
			);
			path = TiltsiTapsi;
			sourceTree = "<group>";
		};
/* End PBXGroup section */

/* Begin PBXNativeTarget section */
		4FFDC4362CCAB30C007AB026 /* CogniBalls */ = {
			isa = PBXNativeTarget;
			buildConfigurationList = 4FFDC44E2CCAB30E007AB026 /* Build configuration list for PBXNativeTarget "CogniBalls" */;
			buildPhases = (
				4FFDC4332CCAB30C007AB026 /* Sources */,
				4FFDC4342CCAB30C007AB026 /* Frameworks */,
				4FFDC4352CCAB30C007AB026 /* Resources */,
			);
			buildRules = (
			);
			dependencies = (
			);
			name = CogniBalls;
			productName = TiltsiTapsi;
			productReference = 4FFDC4372CCAB30C007AB026 /* CogniBalls.app */;
			productType = "com.apple.product-type.application";
		};
/* End PBXNativeTarget section */

/* Begin PBXProject section */
		4FFDC42F2CCAB30C007AB026 /* Project object */ = {
			isa = PBXProject;
			attributes = {
				BuildIndependentTargetsInParallel = 1;
				LastSwiftUpdateCheck = 1530;
				LastUpgradeCheck = 1530;
				TargetAttributes = {
					4FFDC4362CCAB30C007AB026 = {
						CreatedOnToolsVersion = 15.3;
					};
				};
			};
			buildConfigurationList = 4FFDC4322CCAB30C007AB026 /* Build configuration list for PBXProject "CogniBalls" */;
			compatibilityVersion = "Xcode 14.0";
			developmentRegion = en;
			hasScannedForEncodings = 0;
			knownRegions = (
				en,
				Base,
			);
			mainGroup = 4FFDC42E2CCAB30C007AB026;
			packageReferences = (
				4F3F62182DC117120060C019 /* XCRemoteSwiftPackageReference "AppsFlyerFramework-Static" */,
			);
			productRefGroup = 4FFDC4382CCAB30C007AB026 /* Products */;
			projectDirPath = "";
			projectRoot = "";
			targets = (
				4FFDC4362CCAB30C007AB026 /* CogniBalls */,
			);
		};
/* End PBXProject section */

/* Begin PBXResourcesBuildPhase section */
		4FFDC4352CCAB30C007AB026 /* Resources */ = {
			isa = PBXResourcesBuildPhase;
			buildActionMask = 2147483647;
			files = (
				4FFDC4702CCAB660007AB026 /* Baloo-Regular.ttf in Resources */,
				4FFDC4762CCB9EA0007AB026 /* MyParticle.sks in Resources */,
				4FFDC4462CCAB30C007AB026 /* Base in Resources */,
				4FFDC46E2CCAB3E7007AB026 /* Explosion.sks in Resources */,
				4FFDC4482CCAB30E007AB026 /* Assets.xcassets in Resources */,
				4FFDC44B2CCAB30E007AB026 /* Base in Resources */,
			);
			runOnlyForDeploymentPostprocessing = 0;
		};
/* End PBXResourcesBuildPhase section */

/* Begin PBXSourcesBuildPhase section */
		4FFDC4332CCAB30C007AB026 /* Sources */ = {
			isa = PBXSourcesBuildPhase;
			buildActionMask = 2147483647;
			files = (
				4FB174532D4A453F00DCE5E5 /* ChallengeScoreScene.swift in Sources */,
				4F3F62202DC1199D0060C019 /* AdWebViewController.swift in Sources */,
				4FB174512D4A453F00DCE5E5 /* ChallengeIntroScene.swift in Sources */,
				4FFDC4782CCCF451007AB026 /* Ball.swift in Sources */,
				4FB174522D4A453F00DCE5E5 /* ChallengeManager.swift in Sources */,
				4FB1745F2D4A5DE600DCE5E5 /* AppUI.swift in Sources */,
				4FB1744C2D4A3B3900DCE5E5 /* OnboardingScene.swift in Sources */,
				4FB174572D4A479100DCE5E5 /* CustomButtonNode.swift in Sources */,
				4F3F623F2DC11A980060C019 /* ViewControllers.swift in Sources */,
				4F3F621D2DC118B70060C019 /* AppManagerCommon.swift in Sources */,
				4F3F621E2DC118B70060C019 /* AppManagerUAC.swift in Sources */,
				4FF2B8872D4804AF0047E7EB /* NumberedBall.swift in Sources */,
				4FF2B8752D47A8880047E7EB /* FinalScoreScene.swift in Sources */,
				4FFDC46C2CCAB3D0007AB026 /* Manager.swift in Sources */,
				4FF2B87D2D4802970047E7EB /* CorsiTappingBall.swift in Sources */,
				4FF2B8932D48E7480047E7EB /* ColorMatchGameNode.swift in Sources */,
				4FB174552D4A475600DCE5E5 /* BaseGameScene.swift in Sources */,
				4FB174482D494FF000DCE5E5 /* GameNavigationBar.swift in Sources */,
				4FF2B86F2D42FB1C0047E7EB /* NumberTrailScene.swift in Sources */,
				4FFDC4622CCAB3D0007AB026 /* MenuScene.swift in Sources */,
				4F3F62222DC119C80060C019 /* LoadingViewController.swift in Sources */,
				4FB1745B2D4A57A400DCE5E5 /* CustomButtonNode.swift in Sources */,
				4FFDC4662CCAB3D0007AB026 /* CorsiTappingScene.swift in Sources */,
				4FD4843D2D5673D70004317C /* AdManager.swift in Sources */,
				4FF2B8852D48048D0047E7EB /* NumberTrailGameNode.swift in Sources */,
				4FB1745D2D4A588B00DCE5E5 /* SettingsButtonNode.swift in Sources */,
				4FF2B8832D48042E0047E7EB /* SpatialMemoryGameNode.swift in Sources */,
				4FFDC43B2CCAB30C007AB026 /* AppDelegate.swift in Sources */,
				4FF2B8802D4804100047E7EB /* MemoryBall.swift in Sources */,
				4FF2B88A2D48081B0047E7EB /* CorsiTappingGameNode.swift in Sources */,
				4FB174592D4A576600DCE5E5 /* SettingsScene.swift in Sources */,
				4FFDC4612CCAB3D0007AB026 /* SpatialMemoryScene.swift in Sources */,
				4FF2B8942D48E7480047E7EB /* ColorMatchScene.swift in Sources */,
			);
			runOnlyForDeploymentPostprocessing = 0;
		};
/* End PBXSourcesBuildPhase section */

/* Begin PBXVariantGroup section */
		4FFDC4442CCAB30C007AB026 /* Main.storyboard */ = {
			isa = PBXVariantGroup;
			children = (
				4FFDC4452CCAB30C007AB026 /* Base */,
			);
			name = Main.storyboard;
			sourceTree = "<group>";
		};
		4FFDC4492CCAB30E007AB026 /* LaunchScreen.storyboard */ = {
			isa = PBXVariantGroup;
			children = (
				4FFDC44A2CCAB30E007AB026 /* Base */,
			);
			name = LaunchScreen.storyboard;
			sourceTree = "<group>";
		};
/* End PBXVariantGroup section */

/* Begin XCBuildConfiguration section */
		4FFDC44C2CCAB30E007AB026 /* Debug */ = {
			isa = XCBuildConfiguration;
			buildSettings = {
				ALWAYS_SEARCH_USER_PATHS = NO;
				ASSETCATALOG_COMPILER_GENERATE_SWIFT_ASSET_SYMBOL_EXTENSIONS = YES;
				CLANG_ANALYZER_NONNULL = YES;
				CLANG_ANALYZER_NUMBER_OBJECT_CONVERSION = YES_AGGRESSIVE;
				CLANG_CXX_LANGUAGE_STANDARD = "gnu++20";
				CLANG_ENABLE_MODULES = YES;
				CLANG_ENABLE_OBJC_ARC = YES;
				CLANG_ENABLE_OBJC_WEAK = YES;
				CLANG_WARN_BLOCK_CAPTURE_AUTORELEASING = YES;
				CLANG_WARN_BOOL_CONVERSION = YES;
				CLANG_WARN_COMMA = YES;
				CLANG_WARN_CONSTANT_CONVERSION = YES;
				CLANG_WARN_DEPRECATED_OBJC_IMPLEMENTATIONS = YES;
				CLANG_WARN_DIRECT_OBJC_ISA_USAGE = YES_ERROR;
				CLANG_WARN_DOCUMENTATION_COMMENTS = YES;
				CLANG_WARN_EMPTY_BODY = YES;
				CLANG_WARN_ENUM_CONVERSION = YES;
				CLANG_WARN_INFINITE_RECURSION = YES;
				CLANG_WARN_INT_CONVERSION = YES;
				CLANG_WARN_NON_LITERAL_NULL_CONVERSION = YES;
				CLANG_WARN_OBJC_IMPLICIT_RETAIN_SELF = YES;
				CLANG_WARN_OBJC_LITERAL_CONVERSION = YES;
				CLANG_WARN_OBJC_ROOT_CLASS = YES_ERROR;
				CLANG_WARN_QUOTED_INCLUDE_IN_FRAMEWORK_HEADER = YES;
				CLANG_WARN_RANGE_LOOP_ANALYSIS = YES;
				CLANG_WARN_STRICT_PROTOTYPES = YES;
				CLANG_WARN_SUSPICIOUS_MOVE = YES;
				CLANG_WARN_UNGUARDED_AVAILABILITY = YES_AGGRESSIVE;
				CLANG_WARN_UNREACHABLE_CODE = YES;
				CLANG_WARN__DUPLICATE_METHOD_MATCH = YES;
				COPY_PHASE_STRIP = NO;
				DEBUG_INFORMATION_FORMAT = dwarf;
				ENABLE_STRICT_OBJC_MSGSEND = YES;
				ENABLE_TESTABILITY = YES;
				ENABLE_USER_SCRIPT_SANDBOXING = YES;
				GCC_C_LANGUAGE_STANDARD = gnu17;
				GCC_DYNAMIC_NO_PIC = NO;
				GCC_NO_COMMON_BLOCKS = YES;
				GCC_OPTIMIZATION_LEVEL = 0;
				GCC_PREPROCESSOR_DEFINITIONS = (
					"DEBUG=1",
					"$(inherited)",
				);
				GCC_WARN_64_TO_32_BIT_CONVERSION = YES;
				GCC_WARN_ABOUT_RETURN_TYPE = YES_ERROR;
				GCC_WARN_UNDECLARED_SELECTOR = YES;
				GCC_WARN_UNINITIALIZED_AUTOS = YES_AGGRESSIVE;
				GCC_WARN_UNUSED_FUNCTION = YES;
				GCC_WARN_UNUSED_VARIABLE = YES;
				IPHONEOS_DEPLOYMENT_TARGET = 17.4;
				LOCALIZATION_PREFERS_STRING_CATALOGS = YES;
				MTL_ENABLE_DEBUG_INFO = INCLUDE_SOURCE;
				MTL_FAST_MATH = YES;
				ONLY_ACTIVE_ARCH = YES;
				SDKROOT = iphoneos;
				SWIFT_ACTIVE_COMPILATION_CONDITIONS = "DEBUG $(inherited)";
				SWIFT_OPTIMIZATION_LEVEL = "-Onone";
			};
			name = Debug;
		};
		4FFDC44D2CCAB30E007AB026 /* Release */ = {
			isa = XCBuildConfiguration;
			buildSettings = {
				ALWAYS_SEARCH_USER_PATHS = NO;
				ASSETCATALOG_COMPILER_GENERATE_SWIFT_ASSET_SYMBOL_EXTENSIONS = YES;
				CLANG_ANALYZER_NONNULL = YES;
				CLANG_ANALYZER_NUMBER_OBJECT_CONVERSION = YES_AGGRESSIVE;
				CLANG_CXX_LANGUAGE_STANDARD = "gnu++20";
				CLANG_ENABLE_MODULES = YES;
				CLANG_ENABLE_OBJC_ARC = YES;
				CLANG_ENABLE_OBJC_WEAK = YES;
				CLANG_WARN_BLOCK_CAPTURE_AUTORELEASING = YES;
				CLANG_WARN_BOOL_CONVERSION = YES;
				CLANG_WARN_COMMA = YES;
				CLANG_WARN_CONSTANT_CONVERSION = YES;
				CLANG_WARN_DEPRECATED_OBJC_IMPLEMENTATIONS = YES;
				CLANG_WARN_DIRECT_OBJC_ISA_USAGE = YES_ERROR;
				CLANG_WARN_DOCUMENTATION_COMMENTS = YES;
				CLANG_WARN_EMPTY_BODY = YES;
				CLANG_WARN_ENUM_CONVERSION = YES;
				CLANG_WARN_INFINITE_RECURSION = YES;
				CLANG_WARN_INT_CONVERSION = YES;
				CLANG_WARN_NON_LITERAL_NULL_CONVERSION = YES;
				CLANG_WARN_OBJC_IMPLICIT_RETAIN_SELF = YES;
				CLANG_WARN_OBJC_LITERAL_CONVERSION = YES;
				CLANG_WARN_OBJC_ROOT_CLASS = YES_ERROR;
				CLANG_WARN_QUOTED_INCLUDE_IN_FRAMEWORK_HEADER = YES;
				CLANG_WARN_RANGE_LOOP_ANALYSIS = YES;
				CLANG_WARN_STRICT_PROTOTYPES = YES;
				CLANG_WARN_SUSPICIOUS_MOVE = YES;
				CLANG_WARN_UNGUARDED_AVAILABILITY = YES_AGGRESSIVE;
				CLANG_WARN_UNREACHABLE_CODE = YES;
				CLANG_WARN__DUPLICATE_METHOD_MATCH = YES;
				COPY_PHASE_STRIP = NO;
				DEBUG_INFORMATION_FORMAT = "dwarf-with-dsym";
				ENABLE_NS_ASSERTIONS = NO;
				ENABLE_STRICT_OBJC_MSGSEND = YES;
				ENABLE_USER_SCRIPT_SANDBOXING = YES;
				GCC_C_LANGUAGE_STANDARD = gnu17;
				GCC_NO_COMMON_BLOCKS = YES;
				GCC_WARN_64_TO_32_BIT_CONVERSION = YES;
				GCC_WARN_ABOUT_RETURN_TYPE = YES_ERROR;
				GCC_WARN_UNDECLARED_SELECTOR = YES;
				GCC_WARN_UNINITIALIZED_AUTOS = YES_AGGRESSIVE;
				GCC_WARN_UNUSED_FUNCTION = YES;
				GCC_WARN_UNUSED_VARIABLE = YES;
				IPHONEOS_DEPLOYMENT_TARGET = 17.4;
				LOCALIZATION_PREFERS_STRING_CATALOGS = YES;
				MTL_ENABLE_DEBUG_INFO = NO;
				MTL_FAST_MATH = YES;
				SDKROOT = iphoneos;
				SWIFT_COMPILATION_MODE = wholemodule;
				VALIDATE_PRODUCT = YES;
			};
			name = Release;
		};
		4FFDC44F2CCAB30E007AB026 /* Debug */ = {
			isa = XCBuildConfiguration;
			buildSettings = {
				ASSETCATALOG_COMPILER_APPICON_NAME = AppIcon;
				ASSETCATALOG_COMPILER_GLOBAL_ACCENT_COLOR_NAME = AccentColor;
				CODE_SIGN_ENTITLEMENTS = TiltsiTapsi/TiltsiTapsi.entitlements;
				CODE_SIGN_IDENTITY = "Apple Development";
				CODE_SIGN_STYLE = Manual;
				CURRENT_PROJECT_VERSION = 1;
				DEVELOPMENT_TEAM = "";
				GENERATE_INFOPLIST_FILE = YES;
				INFOPLIST_FILE = TiltsiTapsi/Info.plist;
				INFOPLIST_KEY_UIApplicationSupportsIndirectInputEvents = YES;
				INFOPLIST_KEY_UILaunchStoryboardName = LaunchScreen;
				INFOPLIST_KEY_UIMainStoryboardFile = Main;
				INFOPLIST_KEY_UIStatusBarHidden = NO;
				INFOPLIST_KEY_UISupportedInterfaceOrientations = UIInterfaceOrientationPortrait;
				INFOPLIST_KEY_UISupportedInterfaceOrientations_iPad = "UIInterfaceOrientationLandscapeLeft UIInterfaceOrientationLandscapeRight UIInterfaceOrientationPortrait UIInterfaceOrientationPortraitUpsideDown";
				IPHONEOS_DEPLOYMENT_TARGET = 16.0;
				LD_RUNPATH_SEARCH_PATHS = (
					"$(inherited)",
					"@executable_path/Frameworks",
				);
				MARKETING_VERSION = 1.2;
				PRODUCT_BUNDLE_IDENTIFIER = asd.asdasd.asdasd;
				PRODUCT_NAME = "$(TARGET_NAME)";
				PROVISIONING_PROFILE_SPECIFIER = "";
				SUPPORTED_PLATFORMS = "iphoneos iphonesimulator";
				SUPPORTS_MACCATALYST = NO;
				SUPPORTS_MAC_DESIGNED_FOR_IPHONE_IPAD = NO;
				SUPPORTS_XR_DESIGNED_FOR_IPHONE_IPAD = NO;
				SWIFT_EMIT_LOC_STRINGS = YES;
				SWIFT_VERSION = 5.0;
				TARGETED_DEVICE_FAMILY = 1;
			};
			name = Debug;
		};
		4FFDC4502CCAB30E007AB026 /* Release */ = {
			isa = XCBuildConfiguration;
			buildSettings = {
				ASSETCATALOG_COMPILER_APPICON_NAME = AppIcon;
				ASSETCATALOG_COMPILER_GLOBAL_ACCENT_COLOR_NAME = AccentColor;
				CODE_SIGN_ENTITLEMENTS = TiltsiTapsi/TiltsiTapsi.entitlements;
				CODE_SIGN_IDENTITY = "Apple Development";
				CODE_SIGN_STYLE = Manual;
				CURRENT_PROJECT_VERSION = 1;
				DEVELOPMENT_TEAM = "";
				GENERATE_INFOPLIST_FILE = YES;
				INFOPLIST_FILE = TiltsiTapsi/Info.plist;
				INFOPLIST_KEY_UIApplicationSupportsIndirectInputEvents = YES;
				INFOPLIST_KEY_UILaunchStoryboardName = LaunchScreen;
				INFOPLIST_KEY_UIMainStoryboardFile = Main;
				INFOPLIST_KEY_UIStatusBarHidden = NO;
				INFOPLIST_KEY_UISupportedInterfaceOrientations = UIInterfaceOrientationPortrait;
				INFOPLIST_KEY_UISupportedInterfaceOrientations_iPad = "UIInterfaceOrientationLandscapeLeft UIInterfaceOrientationLandscapeRight UIInterfaceOrientationPortrait UIInterfaceOrientationPortraitUpsideDown";
				IPHONEOS_DEPLOYMENT_TARGET = 16.0;
				LD_RUNPATH_SEARCH_PATHS = (
					"$(inherited)",
					"@executable_path/Frameworks",
				);
				MARKETING_VERSION = 1.2;
				PRODUCT_BUNDLE_IDENTIFIER = asd.asdasd.asdasd;
				PRODUCT_NAME = "$(TARGET_NAME)";
				PROVISIONING_PROFILE_SPECIFIER = "";
				SUPPORTED_PLATFORMS = "iphoneos iphonesimulator";
				SUPPORTS_MACCATALYST = NO;
				SUPPORTS_MAC_DESIGNED_FOR_IPHONE_IPAD = NO;
				SUPPORTS_XR_DESIGNED_FOR_IPHONE_IPAD = NO;
				SWIFT_EMIT_LOC_STRINGS = YES;
				SWIFT_VERSION = 5.0;
				TARGETED_DEVICE_FAMILY = 1;
			};
			name = Release;
		};
/* End XCBuildConfiguration section */

/* Begin XCConfigurationList section */
		4FFDC4322CCAB30C007AB026 /* Build configuration list for PBXProject "CogniBalls" */ = {
			isa = XCConfigurationList;
			buildConfigurations = (
				4FFDC44C2CCAB30E007AB026 /* Debug */,
				4FFDC44D2CCAB30E007AB026 /* Release */,
			);
			defaultConfigurationIsVisible = 0;
			defaultConfigurationName = Release;
		};
		4FFDC44E2CCAB30E007AB026 /* Build configuration list for PBXNativeTarget "CogniBalls" */ = {
			isa = XCConfigurationList;
			buildConfigurations = (
				4FFDC44F2CCAB30E007AB026 /* Debug */,
				4FFDC4502CCAB30E007AB026 /* Release */,
			);
			defaultConfigurationIsVisible = 0;
			defaultConfigurationName = Release;
		};
/* End XCConfigurationList section */

/* Begin XCRemoteSwiftPackageReference section */
		4F3F62182DC117120060C019 /* XCRemoteSwiftPackageReference "AppsFlyerFramework-Static" */ = {
			isa = XCRemoteSwiftPackageReference;
			repositoryURL = "https://github.com/AppsFlyerSDK/AppsFlyerFramework-Static";
			requirement = {
				kind = upToNextMajorVersion;
				minimumVersion = 6.17.0;
			};
		};
/* End XCRemoteSwiftPackageReference section */

/* Begin XCSwiftPackageProductDependency section */
		4F3F62192DC117120060C019 /* AppsFlyerLib-Static */ = {
			isa = XCSwiftPackageProductDependency;
			package = 4F3F62182DC117120060C019 /* XCRemoteSwiftPackageReference "AppsFlyerFramework-Static" */;
			productName = "AppsFlyerLib-Static";
		};
/* End XCSwiftPackageProductDependency section */
	};
	rootObject = 4FFDC42F2CCAB30C007AB026 /* Project object */;
}
